// !$*UTF8*$!
{
	archiveVersion = 1;
	classes = {
	};
	objectVersion = 50;
	objects = {

/* Begin PBXBuildFile section */
		5AFF3DDA20C1384600D83ABC /* AppDelegate.swift in Sources */ = {isa = PBXBuildFile; fileRef = 5AFF3DD920C1384600D83ABC /* AppDelegate.swift */; };
		5AFF3DDC20C1384600D83ABC /* PeripheralListViewController.swift in Sources */ = {isa = PBXBuildFile; fileRef = 5AFF3DDB20C1384600D83ABC /* PeripheralListViewController.swift */; };
		5AFF3DDF20C1384600D83ABC /* Main.storyboard in Resources */ = {isa = PBXBuildFile; fileRef = 5AFF3DDD20C1384600D83ABC /* Main.storyboard */; };
		5AFF3DE120C1384900D83ABC /* Assets.xcassets in Resources */ = {isa = PBXBuildFile; fileRef = 5AFF3DE020C1384900D83ABC /* Assets.xcassets */; };
		5AFF3DE420C1384900D83ABC /* LaunchScreen.storyboard in Resources */ = {isa = PBXBuildFile; fileRef = 5AFF3DE220C1384900D83ABC /* LaunchScreen.storyboard */; };
		5AFFBE3420C382E200F25221 /* PeripheralViewController.swift in Sources */ = {isa = PBXBuildFile; fileRef = 5AFFBE3320C382E200F25221 /* PeripheralViewController.swift */; };
/* End PBXBuildFile section */

/* Begin PBXFileReference section */
		5AFF3DD620C1384600D83ABC /* Microbit Bluetooth Demo.app */ = {isa = PBXFileReference; explicitFileType = wrapper.application; includeInIndex = 0; path = "Microbit Bluetooth Demo.app"; sourceTree = BUILT_PRODUCTS_DIR; };
		5AFF3DD920C1384600D83ABC /* AppDelegate.swift */ = {isa = PBXFileReference; lastKnownFileType = sourcecode.swift; path = AppDelegate.swift; sourceTree = "<group>"; };
		5AFF3DDB20C1384600D83ABC /* PeripheralListViewController.swift */ = {isa = PBXFileReference; lastKnownFileType = sourcecode.swift; path = PeripheralListViewController.swift; sourceTree = "<group>"; };
		5AFF3DDE20C1384600D83ABC /* Base */ = {isa = PBXFileReference; lastKnownFileType = file.storyboard; name = Base; path = Base.lproj/Main.storyboard; sourceTree = "<group>"; };
		5AFF3DE020C1384900D83ABC /* Assets.xcassets */ = {isa = PBXFileReference; lastKnownFileType = folder.assetcatalog; path = Assets.xcassets; sourceTree = "<group>"; };
		5AFF3DE320C1384900D83ABC /* Base */ = {isa = PBXFileReference; lastKnownFileType = file.storyboard; name = Base; path = Base.lproj/LaunchScreen.storyboard; sourceTree = "<group>"; };
		5AFF3DE520C1384900D83ABC /* Info.plist */ = {isa = PBXFileReference; lastKnownFileType = text.plist.xml; path = Info.plist; sourceTree = "<group>"; };
		5AFFBE3320C382E200F25221 /* PeripheralViewController.swift */ = {isa = PBXFileReference; lastKnownFileType = sourcecode.swift; path = PeripheralViewController.swift; sourceTree = "<group>"; };
/* End PBXFileReference section */

/* Begin PBXFrameworksBuildPhase section */
		5AFF3DD320C1384600D83ABC /* Frameworks */ = {
			isa = PBXFrameworksBuildPhase;
			buildActionMask = 2147483647;
			files = (
			);
			runOnlyForDeploymentPostprocessing = 0;
		};
/* End PBXFrameworksBuildPhase section */

/* Begin PBXGroup section */
		5AFF3DCD20C1384600D83ABC = {
			isa = PBXGroup;
			children = (
				5AFF3DD820C1384600D83ABC /* Microbit Bluetooth Demo */,
				5AFF3DDD20C1384600D83ABC /* Main.storyboard */,
				5AFF3DE020C1384900D83ABC /* Assets.xcassets */,
				5AFF3DE220C1384900D83ABC /* LaunchScreen.storyboard */,
				5AFF3DE520C1384900D83ABC /* Info.plist */,
				5AFF3DD720C1384600D83ABC /* Products */,
			);
			sourceTree = "<group>";
		};
		5AFF3DD720C1384600D83ABC /* Products */ = {
			isa = PBXGroup;
			children = (
				5AFF3DD620C1384600D83ABC /* Microbit Bluetooth Demo.app */,
			);
			name = Products;
			sourceTree = "<group>";
		};
		5AFF3DD820C1384600D83ABC /* Microbit Bluetooth Demo */ = {
			isa = PBXGroup;
			children = (
				5AFF3DD920C1384600D83ABC /* AppDelegate.swift */,
				5AFF3DDB20C1384600D83ABC /* PeripheralListViewController.swift */,
				5AFFBE3320C382E200F25221 /* PeripheralViewController.swift */,
			);
			path = "Microbit Bluetooth Demo";
			sourceTree = "<group>";
		};
/* End PBXGroup section */

/* Begin PBXNativeTarget section */
		5AFF3DD520C1384600D83ABC /* Microbit Bluetooth Demo */ = {
			isa = PBXNativeTarget;
			buildConfigurationList = 5AFF3DE820C1384900D83ABC /* Build configuration list for PBXNativeTarget "Microbit Bluetooth Demo" */;
			buildPhases = (
				5AFF3DD220C1384600D83ABC /* Sources */,
				5AFF3DD320C1384600D83ABC /* Frameworks */,
				5AFF3DD420C1384600D83ABC /* Resources */,
			);
			buildRules = (
			);
			dependencies = (
			);
			name = "Microbit Bluetooth Demo";
			productName = "Microbit Bluetooth";
			productReference = 5AFF3DD620C1384600D83ABC /* Microbit Bluetooth Demo.app */;
			productType = "com.apple.product-type.application";
		};
/* End PBXNativeTarget section */

/* Begin PBXProject section */
		5AFF3DCE20C1384600D83ABC /* Project object */ = {
			isa = PBXProject;
			attributes = {
				LastSwiftUpdateCheck = 0940;
				LastUpgradeCheck = 0940;
				ORGANIZATIONNAME = "Mosque Tech Challenge";
				TargetAttributes = {
					5AFF3DD520C1384600D83ABC = {
						CreatedOnToolsVersion = 9.4;
					};
				};
			};
			buildConfigurationList = 5AFF3DD120C1384600D83ABC /* Build configuration list for PBXProject "Microbit Bluetooth Demo" */;
			compatibilityVersion = "Xcode 9.3";
			developmentRegion = en;
			hasScannedForEncodings = 0;
			knownRegions = (
				en,
				Base,
			);
			mainGroup = 5AFF3DCD20C1384600D83ABC;
			productRefGroup = 5AFF3DD720C1384600D83ABC /* Products */;
			projectDirPath = "";
			projectRoot = "";
			targets = (
				5AFF3DD520C1384600D83ABC /* Microbit Bluetooth Demo */,
			);
		};
/* End PBXProject section */

/* Begin PBXResourcesBuildPhase section */
		5AFF3DD420C1384600D83ABC /* Resources */ = {
			isa = PBXResourcesBuildPhase;
			buildActionMask = 2147483647;
			files = (
				5AFF3DE420C1384900D83ABC /* LaunchScreen.storyboard in Resources */,
				5AFF3DE120C1384900D83ABC /* Assets.xcassets in Resources */,
				5AFF3DDF20C1384600D83ABC /* Main.storyboard in Resources */,
			);
			runOnlyForDeploymentPostprocessing = 0;
		};
/* End PBXResourcesBuildPhase section */

/* Begin PBXSourcesBuildPhase section */
		5AFF3DD220C1384600D83ABC /* Sources */ = {
			isa = PBXSourcesBuildPhase;
			buildActionMask = 2147483647;
			files = (
				5AFF3DDC20C1384600D83ABC /* PeripheralListViewController.swift in Sources */,
				5AFFBE3420C382E200F25221 /* PeripheralViewController.swift in Sources */,
				5AFF3DDA20C1384600D83ABC /* AppDelegate.swift in Sources */,
			);
			runOnlyForDeploymentPostprocessing = 0;
		};
/* End PBXSourcesBuildPhase section */

/* Begin PBXVariantGroup section */
		5AFF3DDD20C1384600D83ABC /* Main.storyboard */ = {
			isa = PBXVariantGroup;
			children = (
				5AFF3DDE20C1384600D83ABC /* Base */,
			);
			name = Main.storyboard;
			sourceTree = "<group>";
		};
		5AFF3DE220C1384900D83ABC /* LaunchScreen.storyboard */ = {
			isa = PBXVariantGroup;
			children = (
				5AFF3DE320C1384900D83ABC /* Base */,
			);
			name = LaunchScreen.storyboard;
			sourceTree = "<group>";
		};
/* End PBXVariantGroup section */

/* Begin XCBuildConfiguration section */
		5AFF3DE620C1384900D83ABC /* Debug */ = {
			isa = XCBuildConfiguration;
			buildSettings = {
				ALWAYS_SEARCH_USER_PATHS = NO;
				CLANG_ANALYZER_NONNULL = YES;
				CLANG_ANALYZER_NUMBER_OBJECT_CONVERSION = YES_AGGRESSIVE;
				CLANG_CXX_LANGUAGE_STANDARD = "gnu++14";
				CLANG_CXX_LIBRARY = "libc++";
				CLANG_ENABLE_MODULES = YES;
				CLANG_ENABLE_OBJC_ARC = YES;
				CLANG_ENABLE_OBJC_WEAK = YES;
				CLANG_WARN_BLOCK_CAPTURE_AUTORELEASING = YES;
				CLANG_WARN_BOOL_CONVERSION = YES;
				CLANG_WARN_COMMA = YES;
				CLANG_WARN_CONSTANT_CONVERSION = YES;
				CLANG_WARN_DEPRECATED_OBJC_IMPLEMENTATIONS = YES;
				CLANG_WARN_DIRECT_OBJC_ISA_USAGE = YES_ERROR;
				CLANG_WARN_DOCUMENTATION_COMMENTS = YES;
				CLANG_WARN_EMPTY_BODY = YES;
				CLANG_WARN_ENUM_CONVERSION = YES;
				CLANG_WARN_INFINITE_RECURSION = YES;
				CLANG_WARN_INT_CONVERSION = YES;
				CLANG_WARN_NON_LITERAL_NULL_CONVERSION = YES;
				CLANG_WARN_OBJC_IMPLICIT_RETAIN_SELF = YES;
				CLANG_WARN_OBJC_LITERAL_CONVERSION = YES;
				CLANG_WARN_OBJC_ROOT_CLASS = YES_ERROR;
				CLANG_WARN_RANGE_LOOP_ANALYSIS = YES;
				CLANG_WARN_STRICT_PROTOTYPES = YES;
				CLANG_WARN_SUSPICIOUS_MOVE = YES;
				CLANG_WARN_UNGUARDED_AVAILABILITY = YES_AGGRESSIVE;
				CLANG_WARN_UNREACHABLE_CODE = YES;
				CLANG_WARN__DUPLICATE_METHOD_MATCH = YES;
				CODE_SIGN_IDENTITY = "iPhone Developer";
				COPY_PHASE_STRIP = NO;
				DEBUG_INFORMATION_FORMAT = dwarf;
				ENABLE_STRICT_OBJC_MSGSEND = YES;
				ENABLE_TESTABILITY = YES;
				GCC_C_LANGUAGE_STANDARD = gnu11;
				GCC_DYNAMIC_NO_PIC = NO;
				GCC_NO_COMMON_BLOCKS = YES;
				GCC_OPTIMIZATION_LEVEL = 0;
				GCC_PREPROCESSOR_DEFINITIONS = (
					"DEBUG=1",
					"$(inherited)",
				);
				GCC_WARN_64_TO_32_BIT_CONVERSION = YES;
				GCC_WARN_ABOUT_RETURN_TYPE = YES_ERROR;
				GCC_WARN_UNDECLARED_SELECTOR = YES;
				GCC_WARN_UNINITIALIZED_AUTOS = YES_AGGRESSIVE;
				GCC_WARN_UNUSED_FUNCTION = YES;
				GCC_WARN_UNUSED_VARIABLE = YES;
				IPHONEOS_DEPLOYMENT_TARGET = 11.4;
				MTL_ENABLE_DEBUG_INFO = YES;
				ONLY_ACTIVE_ARCH = YES;
				SDKROOT = iphoneos;
				SWIFT_ACTIVE_COMPILATION_CONDITIONS = DEBUG;
				SWIFT_OPTIMIZATION_LEVEL = "-Onone";
			};
			name = Debug;
		};
		5AFF3DE720C1384900D83ABC /* Release */ = {
			isa = XCBuildConfiguration;
			buildSettings = {
				ALWAYS_SEARCH_USER_PATHS = NO;
				CLANG_ANALYZER_NONNULL = YES;
				CLANG_ANALYZER_NUMBER_OBJECT_CONVERSION = YES_AGGRESSIVE;
				CLANG_CXX_LANGUAGE_STANDARD = "gnu++14";
				CLANG_CXX_LIBRARY = "libc++";
				CLANG_ENABLE_MODULES = YES;
				CLANG_ENABLE_OBJC_ARC = YES;
				CLANG_ENABLE_OBJC_WEAK = YES;
				CLANG_WARN_BLOCK_CAPTURE_AUTORELEASING = YES;
				CLANG_WARN_BOOL_CONVERSION = YES;
				CLANG_WARN_COMMA = YES;
				CLANG_WARN_CONSTANT_CONVERSION = YES;
				CLANG_WARN_DEPRECATED_OBJC_IMPLEMENTATIONS = YES;
				CLANG_WARN_DIRECT_OBJC_ISA_USAGE = YES_ERROR;
				CLANG_WARN_DOCUMENTATION_COMMENTS = YES;
				CLANG_WARN_EMPTY_BODY = YES;
				CLANG_WARN_ENUM_CONVERSION = YES;
				CLANG_WARN_INFINITE_RECURSION = YES;
				CLANG_WARN_INT_CONVERSION = YES;
				CLANG_WARN_NON_LITERAL_NULL_CONVERSION = YES;
				CLANG_WARN_OBJC_IMPLICIT_RETAIN_SELF = YES;
				CLANG_WARN_OBJC_LITERAL_CONVERSION = YES;
				CLANG_WARN_OBJC_ROOT_CLASS = YES_ERROR;
				CLANG_WARN_RANGE_LOOP_ANALYSIS = YES;
				CLANG_WARN_STRICT_PROTOTYPES = YES;
				CLANG_WARN_SUSPICIOUS_MOVE = YES;
				CLANG_WARN_UNGUARDED_AVAILABILITY = YES_AGGRESSIVE;
				CLANG_WARN_UNREACHABLE_CODE = YES;
				CLANG_WARN__DUPLICATE_METHOD_MATCH = YES;
				CODE_SIGN_IDENTITY = "iPhone Developer";
				COPY_PHASE_STRIP = NO;
				DEBUG_INFORMATION_FORMAT = "dwarf-with-dsym";
				ENABLE_NS_ASSERTIONS = NO;
				ENABLE_STRICT_OBJC_MSGSEND = YES;
				GCC_C_LANGUAGE_STANDARD = gnu11;
				GCC_NO_COMMON_BLOCKS = YES;
				GCC_WARN_64_TO_32_BIT_CONVERSION = YES;
				GCC_WARN_ABOUT_RETURN_TYPE = YES_ERROR;
				GCC_WARN_UNDECLARED_SELECTOR = YES;
				GCC_WARN_UNINITIALIZED_AUTOS = YES_AGGRESSIVE;
				GCC_WARN_UNUSED_FUNCTION = YES;
				GCC_WARN_UNUSED_VARIABLE = YES;
				IPHONEOS_DEPLOYMENT_TARGET = 11.4;
				MTL_ENABLE_DEBUG_INFO = NO;
				SDKROOT = iphoneos;
				SWIFT_COMPILATION_MODE = wholemodule;
				SWIFT_OPTIMIZATION_LEVEL = "-O";
				VALIDATE_PRODUCT = YES;
			};
			name = Release;
		};
		5AFF3DE920C1384900D83ABC /* Debug */ = {
			isa = XCBuildConfiguration;
			buildSettings = {
				ASSETCATALOG_COMPILER_APPICON_NAME = AppIcon;
				CODE_SIGN_IDENTITY = "iPhone Developer";
				CODE_SIGN_STYLE = Automatic;
				DEVELOPMENT_TEAM = M44AZST64E;
				INFOPLIST_FILE = "$(SRCROOT)/Info.plist";
				IPHONEOS_DEPLOYMENT_TARGET = 10.0;
				LD_RUNPATH_SEARCH_PATHS = (
					"$(inherited)",
					"@executable_path/Frameworks",
				);
				PRODUCT_BUNDLE_IDENTIFIER = "sg.islamicevents.Microbit-Bluetooth";
				PRODUCT_NAME = "$(TARGET_NAME)";
				PROVISIONING_PROFILE_SPECIFIER = "";
				SWIFT_VERSION = 4.0;
				TARGETED_DEVICE_FAMILY = "1,2";
			};
			name = Debug;
		};
		5AFF3DEA20C1384900D83ABC /* Release */ = {
			isa = XCBuildConfiguration;
			buildSettings = {
				ASSETCATALOG_COMPILER_APPICON_NAME = AppIcon;
				CODE_SIGN_IDENTITY = "iPhone Developer";
				CODE_SIGN_STYLE = Automatic;
				DEVELOPMENT_TEAM = M44AZST64E;
				INFOPLIST_FILE = "$(SRCROOT)/Info.plist";
				IPHONEOS_DEPLOYMENT_TARGET = 10.0;
				LD_RUNPATH_SEARCH_PATHS = (
					"$(inherited)",
					"@executable_path/Frameworks",
				);
				PRODUCT_BUNDLE_IDENTIFIER = "sg.islamicevents.Microbit-Bluetooth";
				PRODUCT_NAME = "$(TARGET_NAME)";
				PROVISIONING_PROFILE_SPECIFIER = "";
				SWIFT_VERSION = 4.0;
				TARGETED_DEVICE_FAMILY = "1,2";
			};
			name = Release;
		};
/* End XCBuildConfiguration section */

/* Begin XCConfigurationList section */
		5AFF3DD120C1384600D83ABC /* Build configuration list for PBXProject "Microbit Bluetooth Demo" */ = {
			isa = XCConfigurationList;
			buildConfigurations = (
				5AFF3DE620C1384900D83ABC /* Debug */,
				5AFF3DE720C1384900D83ABC /* Release */,
			);
			defaultConfigurationIsVisible = 0;
			defaultConfigurationName = Release;
		};
		5AFF3DE820C1384900D83ABC /* Build configuration list for PBXNativeTarget "Microbit Bluetooth Demo" */ = {
			isa = XCConfigurationList;
			buildConfigurations = (
				5AFF3DE920C1384900D83ABC /* Debug */,
				5AFF3DEA20C1384900D83ABC /* Release */,
			);
			defaultConfigurationIsVisible = 0;
			defaultConfigurationName = Release;
		};
/* End XCConfigurationList section */
	};
	rootObject = 5AFF3DCE20C1384600D83ABC /* Project object */;
}
